
Microsoft Visual Studio Solution File, Format Version 12.00
# Visual Studio Version 17
VisualStudioVersion = 17.3.32929.385
MinimumVisualStudioVersion = 10.0.40219.1
Project("{9A19103F-16F7-4668-BE54-9A1E7A4F7556}") = "LaundryAPI", "LaundryAPI.csproj", "{BAF86429-81CD-4518-ACA8-3CE739B11636}"
EndProject
Project("{9A19103F-16F7-4668-BE54-9A1E7A4F7556}") = "LaundryDomain", "..\LaundryDomain\LaundryDomain.csproj", "{C8D936B0-039E-4BB6-B4D9-12A760822CDF}"
EndProject
Project("{2150E333-8FDC-42A3-9474-1A3956D46DE8}") = "Test", "Test", "{7327F663-AA6D-49EE-8863-D7DA541218ED}"
EndProject
Project("{FAE04EC0-301F-11D3-BF4B-00C04F79EFBC}") = "LaundryInfrastrure", "..\LaundryInfrastrure\LaundryInfrastrure.csproj", "{857AEAEE-6007-4A2F-BDE7-869B953CC2AD}"
EndProject
Global
	GlobalSection(SolutionConfigurationPlatforms) = preSolution
		Debug|Any CPU = Debug|Any CPU
		Release|Any CPU = Release|Any CPU
	EndGlobalSection
	GlobalSection(ProjectConfigurationPlatforms) = postSolution
		{BAF86429-81CD-4518-ACA8-3CE739B11636}.Debug|Any CPU.ActiveCfg = Debug|Any CPU
		{BAF86429-81CD-4518-ACA8-3CE739B11636}.Debug|Any CPU.Build.0 = Debug|Any CPU
		{BAF86429-81CD-4518-ACA8-3CE739B11636}.Release|Any CPU.ActiveCfg = Release|Any CPU
		{BAF86429-81CD-4518-ACA8-3CE739B11636}.Release|Any CPU.Build.0 = Release|Any CPU
		{C8D936B0-039E-4BB6-B4D9-12A760822CDF}.Debug|Any CPU.ActiveCfg = Debug|Any CPU
		{C8D936B0-039E-4BB6-B4D9-12A760822CDF}.Debug|Any CPU.Build.0 = Debug|Any CPU
		{C8D936B0-039E-4BB6-B4D9-12A760822CDF}.Release|Any CPU.ActiveCfg = Release|Any CPU
		{C8D936B0-039E-4BB6-B4D9-12A760822CDF}.Release|Any CPU.Build.0 = Release|Any CPU
		{857AEAEE-6007-4A2F-BDE7-869B953CC2AD}.Debug|Any CPU.ActiveCfg = Debug|Any CPU
		{857AEAEE-6007-4A2F-BDE7-869B953CC2AD}.Debug|Any CPU.Build.0 = Debug|Any CPU
		{857AEAEE-6007-4A2F-BDE7-869B953CC2AD}.Release|Any CPU.ActiveCfg = Release|Any CPU
		{857AEAEE-6007-4A2F-BDE7-869B953CC2AD}.Release|Any CPU.Build.0 = Release|Any CPU
	EndGlobalSection
	GlobalSection(SolutionProperties) = preSolution
		HideSolutionNode = FALSE
	EndGlobalSection
	GlobalSection(ExtensibilityGlobals) = postSolution
		SolutionGuid = {562AB5A4-DE1A-4C4F-B86C-A3C84D76040D}
	EndGlobalSection
EndGlobal
